
Microsoft Visual Studio Solution File, Format Version 12.00
# Visual Studio Version 17
VisualStudioVersion = 17.9.34728.123
MinimumVisualStudioVersion = 10.0.40219.1
Project("{FAE04EC0-301F-11D3-BF4B-00C04F79EFBC}") = "SistemaVenta.API", "SistemaVenta.API\SistemaVenta.API.csproj", "{36090273-1AFE-495B-A075-E7618F78AAD2}"
EndProject
Project("{FAE04EC0-301F-11D3-BF4B-00C04F79EFBC}") = "SistemaVenta.DAL", "SistemaVenta.DAL\SistemaVenta.DAL.csproj", "{819FAB6B-3153-4AD2-9000-C8C6240ACC30}"
EndProject
Project("{FAE04EC0-301F-11D3-BF4B-00C04F79EFBC}") = "SistemaVenta.BLL", "SistemaVenta.BLL\SistemaVenta.BLL.csproj", "{E6C3F5B5-9474-4779-A404-526102A42D02}"
EndProject
Project("{FAE04EC0-301F-11D3-BF4B-00C04F79EFBC}") = "SistemaVenta.Model", "SistemaVenta.Model\SistemaVenta.Model.csproj", "{8517C747-02FF-4B1E-830E-E6AA96294F6A}"
EndProject
Project("{FAE04EC0-301F-11D3-BF4B-00C04F79EFBC}") = "SistemaVenta.IOC", "SistemaVenta.IOC\SistemaVenta.IOC.csproj", "{CC6CF1F4-453E-4194-ACFC-B4BA64306F76}"
EndProject
Project("{FAE04EC0-301F-11D3-BF4B-00C04F79EFBC}") = "SistemaVenta.DTO", "SistemaVenta.DTO\SistemaVenta.DTO.csproj", "{DE262D5E-74DC-443E-8DED-D92605D445CC}"
EndProject
Project("{FAE04EC0-301F-11D3-BF4B-00C04F79EFBC}") = "SistemaVenta.Utility", "SistemaVenta.Utility\SistemaVenta.Utility.csproj", "{6242AE97-6755-4BF3-AB0C-D2CC52C01C2D}"
EndProject
Global
	GlobalSection(SolutionConfigurationPlatforms) = preSolution
		Debug|Any CPU = Debug|Any CPU
		Release|Any CPU = Release|Any CPU
	EndGlobalSection
	GlobalSection(ProjectConfigurationPlatforms) = postSolution
		{36090273-1AFE-495B-A075-E7618F78AAD2}.Debug|Any CPU.ActiveCfg = Debug|Any CPU
		{36090273-1AFE-495B-A075-E7618F78AAD2}.Debug|Any CPU.Build.0 = Debug|Any CPU
		{36090273-1AFE-495B-A075-E7618F78AAD2}.Release|Any CPU.ActiveCfg = Release|Any CPU
		{36090273-1AFE-495B-A075-E7618F78AAD2}.Release|Any CPU.Build.0 = Release|Any CPU
		{819FAB6B-3153-4AD2-9000-C8C6240ACC30}.Debug|Any CPU.ActiveCfg = Debug|Any CPU
		{819FAB6B-3153-4AD2-9000-C8C6240ACC30}.Debug|Any CPU.Build.0 = Debug|Any CPU
		{819FAB6B-3153-4AD2-9000-C8C6240ACC30}.Release|Any CPU.ActiveCfg = Release|Any CPU
		{819FAB6B-3153-4AD2-9000-C8C6240ACC30}.Release|Any CPU.Build.0 = Release|Any CPU
		{E6C3F5B5-9474-4779-A404-526102A42D02}.Debug|Any CPU.ActiveCfg = Debug|Any CPU
		{E6C3F5B5-9474-4779-A404-526102A42D02}.Debug|Any CPU.Build.0 = Debug|Any CPU
		{E6C3F5B5-9474-4779-A404-526102A42D02}.Release|Any CPU.ActiveCfg = Release|Any CPU
		{E6C3F5B5-9474-4779-A404-526102A42D02}.Release|Any CPU.Build.0 = Release|Any CPU
		{8517C747-02FF-4B1E-830E-E6AA96294F6A}.Debug|Any CPU.ActiveCfg = Debug|Any CPU
		{8517C747-02FF-4B1E-830E-E6AA96294F6A}.Debug|Any CPU.Build.0 = Debug|Any CPU
		{8517C747-02FF-4B1E-830E-E6AA96294F6A}.Release|Any CPU.ActiveCfg = Release|Any CPU
		{8517C747-02FF-4B1E-830E-E6AA96294F6A}.Release|Any CPU.Build.0 = Release|Any CPU
		{CC6CF1F4-453E-4194-ACFC-B4BA64306F76}.Debug|Any CPU.ActiveCfg = Debug|Any CPU
		{CC6CF1F4-453E-4194-ACFC-B4BA64306F76}.Debug|Any CPU.Build.0 = Debug|Any CPU
		{CC6CF1F4-453E-4194-ACFC-B4BA64306F76}.Release|Any CPU.ActiveCfg = Release|Any CPU
		{CC6CF1F4-453E-4194-ACFC-B4BA64306F76}.Release|Any CPU.Build.0 = Release|Any CPU
		{DE262D5E-74DC-443E-8DED-D92605D445CC}.Debug|Any CPU.ActiveCfg = Debug|Any CPU
		{DE262D5E-74DC-443E-8DED-D92605D445CC}.Debug|Any CPU.Build.0 = Debug|Any CPU
		{DE262D5E-74DC-443E-8DED-D92605D445CC}.Release|Any CPU.ActiveCfg = Release|Any CPU
		{DE262D5E-74DC-443E-8DED-D92605D445CC}.Release|Any CPU.Build.0 = Release|Any CPU
		{6242AE97-6755-4BF3-AB0C-D2CC52C01C2D}.Debug|Any CPU.ActiveCfg = Debug|Any CPU
		{6242AE97-6755-4BF3-AB0C-D2CC52C01C2D}.Debug|Any CPU.Build.0 = Debug|Any CPU
		{6242AE97-6755-4BF3-AB0C-D2CC52C01C2D}.Release|Any CPU.ActiveCfg = Release|Any CPU
		{6242AE97-6755-4BF3-AB0C-D2CC52C01C2D}.Release|Any CPU.Build.0 = Release|Any CPU
	EndGlobalSection
	GlobalSection(SolutionProperties) = preSolution
		HideSolutionNode = FALSE
	EndGlobalSection
	GlobalSection(ExtensibilityGlobals) = postSolution
		SolutionGuid = {3225BD90-B00B-4C5E-AB2A-3151F78CCA5C}
	EndGlobalSection
EndGlobal
